{
  "name": "smtptest",
  "version": "1.0.0",
  "lockfileVersion": 3,
  "requires": true,
  "packages": {
    "": {
      "name": "smtptest",
      "version": "1.0.0",
      "license": "ISC",
      "dependencies": {
        "nodemailer": "^6.9.16",
        "oracledb": "^6.7.1"
      }
    },
    "node_modules/nodemailer": {
      "version": "6.9.16",
      "resolved": "https://registry.npmjs.org/nodemailer/-/nodemailer-6.9.16.tgz",
      "integrity": "sha512-psAuZdTIRN08HKVd/E8ObdV6NO7NTBY3KsC30F7M4H1OnmLCUNaS56FpYxyb26zWLSyYF9Ozch9KYHhHegsiOQ==",
      "license": "MIT-0",
      "engines": {
        "node": ">=6.0.0"
      }
    },
    "node_modules/oracledb": {
      "version": "6.7.1",
      "resolved": "https://registry.npmjs.org/oracledb/-/oracledb-6.7.1.tgz",
      "integrity": "sha512-dOXqgJ8re9kw5Nv9zLlljhBcjsGCUELDD/VEecQlXl2R8IMNxJqdceR+VeKS4gAyVNzq0MOz45lXOiC8OqG1qw==",
      "hasInstallScript": true,
      "license": "(Apache-2.0 OR UPL-1.0)",
      "engines": {
        "node": ">=14.6"
      }
    }
  }
}
